
Microsoft Visual Studio Solution File, Format Version 12.00
# Visual Studio Version 16
VisualStudioVersion = 16.0.31605.320
MinimumVisualStudioVersion = 10.0.40219.1
Project("{FAE04EC0-301F-11D3-BF4B-00C04F79EFBC}") = "CSharp_Heranca-e-interface", "CSharp_Heranca-e-interface.csproj", "{C14834CF-3A58-4A87-86F1-B3E42D003242}"
EndProject
Global
	GlobalSection(SolutionConfigurationPlatforms) = preSolution
		Debug|Any CPU = Debug|Any CPU
		Release|Any CPU = Release|Any CPU
	EndGlobalSection
	GlobalSection(ProjectConfigurationPlatforms) = postSolution
		{C14834CF-3A58-4A87-86F1-B3E42D003242}.Debug|Any CPU.ActiveCfg = Debug|Any CPU
		{C14834CF-3A58-4A87-86F1-B3E42D003242}.Debug|Any CPU.Build.0 = Debug|Any CPU
		{C14834CF-3A58-4A87-86F1-B3E42D003242}.Release|Any CPU.ActiveCfg = Release|Any CPU
		{C14834CF-3A58-4A87-86F1-B3E42D003242}.Release|Any CPU.Build.0 = Release|Any CPU
	EndGlobalSection
	GlobalSection(SolutionProperties) = preSolution
		HideSolutionNode = FALSE
	EndGlobalSection
	GlobalSection(ExtensibilityGlobals) = postSolution
		SolutionGuid = {9570F005-545E-4ADE-B10B-A51CBA1F2AA6}
	EndGlobalSection
EndGlobal
